# This file is @generated by PDM.
# It is not intended for manual editing.

[metadata]
groups = ["default"]
strategy = ["cross_platform"]
lock_version = "4.4"
content_hash = "sha256:34c240b16497d5cccb99e0e06c4533148f551223321c04d04f6b67618bfea3a4"

[[package]]
name = "asgiref"
version = "3.7.2"
requires_python = ">=3.7"
summary = "ASGI specs, helper code, and adapters"
files = [
    {file = "asgiref-3.7.2-py3-none-any.whl", hash = "sha256:89b2ef2247e3b562a16eef663bc0e2e703ec6468e2fa8a5cd61cd449786d4f6e"},
    {file = "asgiref-3.7.2.tar.gz", hash = "sha256:9e0ce3aa93a819ba5b45120216b23878cf6e8525eb3848653452b4192b92afed"},
]

[[package]]
name = "django"
version = "5.0.2"
requires_python = ">=3.10"
summary = "A high-level Python web framework that encourages rapid development and clean, pragmatic design."
dependencies = [
    "asgiref<4,>=3.7.0",
    "sqlparse>=0.3.1",
    "tzdata; sys_platform == \"win32\"",
]
files = [
    {file = "Django-5.0.2-py3-none-any.whl", hash = "sha256:56ab63a105e8bb06ee67381d7b65fe6774f057e41a8bab06c8020c8882d8ecd4"},
    {file = "Django-5.0.2.tar.gz", hash = "sha256:b5bb1d11b2518a5f91372a282f24662f58f66749666b0a286ab057029f728080"},
]

[[package]]
name = "django-environ"
version = "0.11.2"
requires_python = ">=3.6,<4"
summary = "A package that allows you to utilize 12factor inspired environment variables to configure your Django application."
files = [
    {file = "django-environ-0.11.2.tar.gz", hash = "sha256:f32a87aa0899894c27d4e1776fa6b477e8164ed7f6b3e410a62a6d72caaf64be"},
    {file = "django_environ-0.11.2-py2.py3-none-any.whl", hash = "sha256:0ff95ab4344bfeff693836aa978e6840abef2e2f1145adff7735892711590c05"},
]

[[package]]
name = "psycopg-binary"
version = "3.1.18"
requires_python = ">=3.7"
summary = "PostgreSQL database adapter for Python -- C optimisation distribution"
files = [
    {file = "psycopg_binary-3.1.18-cp311-cp311-macosx_10_9_x86_64.whl", hash = "sha256:4e4de16a637ec190cbee82e0c2dc4860fed17a23a35f7a1e6dc479a5c6876722"},
    {file = "psycopg_binary-3.1.18-cp311-cp311-macosx_11_0_arm64.whl", hash = "sha256:6432047b8b24ef97e3fbee1d1593a0faaa9544c7a41a2c67d1f10e7621374c83"},
    {file = "psycopg_binary-3.1.18-cp311-cp311-manylinux_2_17_aarch64.manylinux2014_aarch64.whl", hash = "sha256:9d684227ef8212e27da5f2aff9d4d303cc30b27ac1702d4f6881935549486dd5"},
    {file = "psycopg_binary-3.1.18-cp311-cp311-manylinux_2_17_i686.manylinux2014_i686.whl", hash = "sha256:67284e2e450dc7a9e4d76e78c0bd357dc946334a3d410defaeb2635607f632cd"},
    {file = "psycopg_binary-3.1.18-cp311-cp311-manylinux_2_17_ppc64le.manylinux2014_ppc64le.whl", hash = "sha256:1c9b6bd7fb5c6638cb32469674707649b526acfe786ba6d5a78ca4293d87bae4"},
    {file = "psycopg_binary-3.1.18-cp311-cp311-manylinux_2_17_x86_64.manylinux2014_x86_64.whl", hash = "sha256:7121acc783c4e86d2d320a7fb803460fab158a7f0a04c5e8c5d49065118c1e73"},
    {file = "psycopg_binary-3.1.18-cp311-cp311-musllinux_1_1_aarch64.whl", hash = "sha256:e28ff8f3de7b56588c2a398dc135fd9f157d12c612bd3daa7e6ba9872337f6f5"},
    {file = "psycopg_binary-3.1.18-cp311-cp311-musllinux_1_1_i686.whl", hash = "sha256:c84a0174109f329eeda169004c7b7ca2e884a6305acab4a39600be67f915ed38"},
    {file = "psycopg_binary-3.1.18-cp311-cp311-musllinux_1_1_ppc64le.whl", hash = "sha256:531381f6647fc267383dca88dbe8a70d0feff433a8e3d0c4939201fea7ae1b82"},
    {file = "psycopg_binary-3.1.18-cp311-cp311-musllinux_1_1_x86_64.whl", hash = "sha256:b293e01057e63c3ac0002aa132a1071ce0fdb13b9ee2b6b45d3abdb3525c597d"},
    {file = "psycopg_binary-3.1.18-cp311-cp311-win_amd64.whl", hash = "sha256:780a90bcb69bf27a8b08bc35b958e974cb6ea7a04cdec69e737f66378a344d68"},
    {file = "psycopg_binary-3.1.18-cp312-cp312-macosx_10_9_x86_64.whl", hash = "sha256:87dd9154b757a5fbf6d590f6f6ea75f4ad7b764a813ae04b1d91a70713f414a1"},
    {file = "psycopg_binary-3.1.18-cp312-cp312-macosx_11_0_arm64.whl", hash = "sha256:f876ebbf92db70125f6375f91ab4bc6b27648aa68f90d661b1fc5affb4c9731c"},
    {file = "psycopg_binary-3.1.18-cp312-cp312-manylinux_2_17_aarch64.manylinux2014_aarch64.whl", hash = "sha256:258d2f0cb45e4574f8b2fe7c6d0a0e2eb58903a4fd1fbaf60954fba82d595ab7"},
    {file = "psycopg_binary-3.1.18-cp312-cp312-manylinux_2_17_i686.manylinux2014_i686.whl", hash = "sha256:bd27f713f2e5ef3fd6796e66c1a5203a27a30ecb847be27a78e1df8a9a5ae68c"},
    {file = "psycopg_binary-3.1.18-cp312-cp312-manylinux_2_17_ppc64le.manylinux2014_ppc64le.whl", hash = "sha256:c38a4796abf7380f83b1653c2711cb2449dd0b2e5aca1caa75447d6fa5179c69"},
    {file = "psycopg_binary-3.1.18-cp312-cp312-manylinux_2_17_x86_64.manylinux2014_x86_64.whl", hash = "sha256:b2f7f95746efd1be2dc240248cc157f4315db3fd09fef2adfcc2a76e24aa5741"},
    {file = "psycopg_binary-3.1.18-cp312-cp312-musllinux_1_1_aarch64.whl", hash = "sha256:4085f56a8d4fc8b455e8f44380705c7795be5317419aa5f8214f315e4205d804"},
    {file = "psycopg_binary-3.1.18-cp312-cp312-musllinux_1_1_i686.whl", hash = "sha256:2e2484ae835dedc80cdc7f1b1a939377dc967fed862262cfd097aa9f50cade46"},
    {file = "psycopg_binary-3.1.18-cp312-cp312-musllinux_1_1_ppc64le.whl", hash = "sha256:3c2b039ae0c45eee4cd85300ef802c0f97d0afc78350946a5d0ec77dd2d7e834"},
    {file = "psycopg_binary-3.1.18-cp312-cp312-musllinux_1_1_x86_64.whl", hash = "sha256:8f54978c4b646dec77fefd8485fa82ec1a87807f334004372af1aaa6de9539a5"},
    {file = "psycopg_binary-3.1.18-cp312-cp312-win_amd64.whl", hash = "sha256:9ffcbbd389e486d3fd83d30107bbf8b27845a295051ccabde240f235d04ed921"},
]

[[package]]
name = "psycopg2-binary"
version = "2.9.9"
requires_python = ">=3.7"
summary = "psycopg2 - Python-PostgreSQL Database Adapter"
files = [
    {file = "psycopg2-binary-2.9.9.tar.gz", hash = "sha256:7f01846810177d829c7692f1f5ada8096762d9172af1b1a28d4ab5b77c923c1c"},
    {file = "psycopg2_binary-2.9.9-cp311-cp311-macosx_10_9_x86_64.whl", hash = "sha256:ee825e70b1a209475622f7f7b776785bd68f34af6e7a46e2e42f27b659b5bc26"},
    {file = "psycopg2_binary-2.9.9-cp311-cp311-macosx_11_0_arm64.whl", hash = "sha256:1ea665f8ce695bcc37a90ee52de7a7980be5161375d42a0b6c6abedbf0d81f0f"},
    {file = "psycopg2_binary-2.9.9-cp311-cp311-manylinux_2_17_aarch64.manylinux2014_aarch64.whl", hash = "sha256:143072318f793f53819048fdfe30c321890af0c3ec7cb1dfc9cc87aa88241de2"},
    {file = "psycopg2_binary-2.9.9-cp311-cp311-manylinux_2_17_i686.manylinux2014_i686.whl", hash = "sha256:c332c8d69fb64979ebf76613c66b985414927a40f8defa16cf1bc028b7b0a7b0"},
    {file = "psycopg2_binary-2.9.9-cp311-cp311-manylinux_2_17_ppc64le.manylinux2014_ppc64le.whl", hash = "sha256:f7fc5a5acafb7d6ccca13bfa8c90f8c51f13d8fb87d95656d3950f0158d3ce53"},
    {file = "psycopg2_binary-2.9.9-cp311-cp311-manylinux_2_17_x86_64.manylinux2014_x86_64.whl", hash = "sha256:977646e05232579d2e7b9c59e21dbe5261f403a88417f6a6512e70d3f8a046be"},
    {file = "psycopg2_binary-2.9.9-cp311-cp311-musllinux_1_1_aarch64.whl", hash = "sha256:b6356793b84728d9d50ead16ab43c187673831e9d4019013f1402c41b1db9b27"},
    {file = "psycopg2_binary-2.9.9-cp311-cp311-musllinux_1_1_i686.whl", hash = "sha256:bc7bb56d04601d443f24094e9e31ae6deec9ccb23581f75343feebaf30423359"},
    {file = "psycopg2_binary-2.9.9-cp311-cp311-musllinux_1_1_ppc64le.whl", hash = "sha256:77853062a2c45be16fd6b8d6de2a99278ee1d985a7bd8b103e97e41c034006d2"},
    {file = "psycopg2_binary-2.9.9-cp311-cp311-musllinux_1_1_x86_64.whl", hash = "sha256:78151aa3ec21dccd5cdef6c74c3e73386dcdfaf19bced944169697d7ac7482fc"},
    {file = "psycopg2_binary-2.9.9-cp311-cp311-win32.whl", hash = "sha256:dc4926288b2a3e9fd7b50dc6a1909a13bbdadfc67d93f3374d984e56f885579d"},
    {file = "psycopg2_binary-2.9.9-cp311-cp311-win_amd64.whl", hash = "sha256:b76bedd166805480ab069612119ea636f5ab8f8771e640ae103e05a4aae3e417"},
    {file = "psycopg2_binary-2.9.9-cp312-cp312-macosx_10_9_x86_64.whl", hash = "sha256:8532fd6e6e2dc57bcb3bc90b079c60de896d2128c5d9d6f24a63875a95a088cf"},
    {file = "psycopg2_binary-2.9.9-cp312-cp312-macosx_11_0_arm64.whl", hash = "sha256:b0605eaed3eb239e87df0d5e3c6489daae3f7388d455d0c0b4df899519c6a38d"},
    {file = "psycopg2_binary-2.9.9-cp312-cp312-manylinux_2_17_aarch64.manylinux2014_aarch64.whl", hash = "sha256:8f8544b092a29a6ddd72f3556a9fcf249ec412e10ad28be6a0c0d948924f2212"},
    {file = "psycopg2_binary-2.9.9-cp312-cp312-manylinux_2_17_i686.manylinux2014_i686.whl", hash = "sha256:2d423c8d8a3c82d08fe8af900ad5b613ce3632a1249fd6a223941d0735fce493"},
    {file = "psycopg2_binary-2.9.9-cp312-cp312-manylinux_2_17_ppc64le.manylinux2014_ppc64le.whl", hash = "sha256:2e5afae772c00980525f6d6ecf7cbca55676296b580c0e6abb407f15f3706996"},
    {file = "psycopg2_binary-2.9.9-cp312-cp312-manylinux_2_17_x86_64.manylinux2014_x86_64.whl", hash = "sha256:6e6f98446430fdf41bd36d4faa6cb409f5140c1c2cf58ce0bbdaf16af7d3f119"},
    {file = "psycopg2_binary-2.9.9-cp312-cp312-musllinux_1_1_aarch64.whl", hash = "sha256:c77e3d1862452565875eb31bdb45ac62502feabbd53429fdc39a1cc341d681ba"},
    {file = "psycopg2_binary-2.9.9-cp312-cp312-musllinux_1_1_i686.whl", hash = "sha256:cb16c65dcb648d0a43a2521f2f0a2300f40639f6f8c1ecbc662141e4e3e1ee07"},
    {file = "psycopg2_binary-2.9.9-cp312-cp312-musllinux_1_1_ppc64le.whl", hash = "sha256:911dda9c487075abd54e644ccdf5e5c16773470a6a5d3826fda76699410066fb"},
    {file = "psycopg2_binary-2.9.9-cp312-cp312-musllinux_1_1_x86_64.whl", hash = "sha256:57fede879f08d23c85140a360c6a77709113efd1c993923c59fde17aa27599fe"},
    {file = "psycopg2_binary-2.9.9-cp312-cp312-win32.whl", hash = "sha256:64cf30263844fa208851ebb13b0732ce674d8ec6a0c86a4e160495d299ba3c93"},
    {file = "psycopg2_binary-2.9.9-cp312-cp312-win_amd64.whl", hash = "sha256:81ff62668af011f9a48787564ab7eded4e9fb17a4a6a74af5ffa6a457400d2ab"},
]

[[package]]
name = "sqlparse"
version = "0.4.4"
requires_python = ">=3.5"
summary = "A non-validating SQL parser."
files = [
    {file = "sqlparse-0.4.4-py3-none-any.whl", hash = "sha256:5430a4fe2ac7d0f93e66f1efc6e1338a41884b7ddf2a350cedd20ccc4d9d28f3"},
    {file = "sqlparse-0.4.4.tar.gz", hash = "sha256:d446183e84b8349fa3061f0fe7f06ca94ba65b426946ffebe6e3e8295332420c"},
]

[[package]]
name = "tzdata"
version = "2024.1"
requires_python = ">=2"
summary = "Provider of IANA time zone data"
files = [
    {file = "tzdata-2024.1-py2.py3-none-any.whl", hash = "sha256:9068bc196136463f5245e51efda838afa15aaeca9903f49050dfa2679db4d252"},
    {file = "tzdata-2024.1.tar.gz", hash = "sha256:2674120f8d891909751c38abcdfd386ac0a5a1127954fbc332af6b5ceae07efd"},
]
